
Microsoft Visual Studio Solution File, Format Version 12.00
# Visual Studio 15
Project("{FAE04EC0-301F-11D3-BF4B-00C04F79EFBC}") = "Assembly-CSharp", "Assembly-CSharp.csproj", "{CBD8D8EF-8318-FE46-3D92-C3EAD5C65367}"
EndProject
Global
	GlobalSection(SolutionConfigurationPlatforms) = preSolution
		Debug|Any CPU = Debug|Any CPU
		Release|Any CPU = Release|Any CPU
	EndGlobalSection
	GlobalSection(ProjectConfigurationPlatforms) = postSolution
		{CBD8D8EF-8318-FE46-3D92-C3EAD5C65367}.Debug|Any CPU.ActiveCfg = Debug|Any CPU
		{CBD8D8EF-8318-FE46-3D92-C3EAD5C65367}.Debug|Any CPU.Build.0 = Debug|Any CPU
		{CBD8D8EF-8318-FE46-3D92-C3EAD5C65367}.Release|Any CPU.ActiveCfg = Release|Any CPU
		{CBD8D8EF-8318-FE46-3D92-C3EAD5C65367}.Release|Any CPU.Build.0 = Release|Any CPU
	EndGlobalSection
	GlobalSection(SolutionProperties) = preSolution
		HideSolutionNode = FALSE
	EndGlobalSection
EndGlobal
